
Microsoft Visual Studio Solution File, Format Version 12.00
# Visual Studio Version 17
VisualStudioVersion = 17.1.32210.238
MinimumVisualStudioVersion = 10.0.40219.1
Project("{9A19103F-16F7-4668-BE54-9A1E7A4F7556}") = "AcademyPortal", "AcademyPortal\AcademyPortal.csproj", "{E81625DE-EBFF-484E-931F-C69AE1E1CE7A}"
EndProject
Project("{FAE04EC0-301F-11D3-BF4B-00C04F79EFBC}") = "AcademyPortalAPI", "AcademyPortalAPI\AcademyPortalAPI.csproj", "{4B86C3E0-8BA3-4BE2-9766-23B3EC81D3A6}"
EndProject
Global
	GlobalSection(SolutionConfigurationPlatforms) = preSolution
		Debug|Any CPU = Debug|Any CPU
		Release|Any CPU = Release|Any CPU
	EndGlobalSection
	GlobalSection(ProjectConfigurationPlatforms) = postSolution
		{E81625DE-EBFF-484E-931F-C69AE1E1CE7A}.Debug|Any CPU.ActiveCfg = Debug|Any CPU
		{E81625DE-EBFF-484E-931F-C69AE1E1CE7A}.Debug|Any CPU.Build.0 = Debug|Any CPU
		{E81625DE-EBFF-484E-931F-C69AE1E1CE7A}.Release|Any CPU.ActiveCfg = Release|Any CPU
		{E81625DE-EBFF-484E-931F-C69AE1E1CE7A}.Release|Any CPU.Build.0 = Release|Any CPU
		{4B86C3E0-8BA3-4BE2-9766-23B3EC81D3A6}.Debug|Any CPU.ActiveCfg = Debug|Any CPU
		{4B86C3E0-8BA3-4BE2-9766-23B3EC81D3A6}.Debug|Any CPU.Build.0 = Debug|Any CPU
		{4B86C3E0-8BA3-4BE2-9766-23B3EC81D3A6}.Release|Any CPU.ActiveCfg = Release|Any CPU
		{4B86C3E0-8BA3-4BE2-9766-23B3EC81D3A6}.Release|Any CPU.Build.0 = Release|Any CPU
	EndGlobalSection
	GlobalSection(SolutionProperties) = preSolution
		HideSolutionNode = FALSE
	EndGlobalSection
	GlobalSection(ExtensibilityGlobals) = postSolution
		SolutionGuid = {4FE6FAD0-77F5-4348-A344-DFC2DF55721D}
	EndGlobalSection
EndGlobal
